// !$*UTF8*$!
{
	archiveVersion = 1;
	classes = {
	};
	objectVersion = 46;
	objects = {

/* Begin PBXBuildFile section */
		6A7A7AE81C0E4C0700251D97 /* PKDRootWireFrame.m in Sources */ = {isa = PBXBuildFile; fileRef = 6A7A7AE71C0E4C0700251D97 /* PKDRootWireFrame.m */; };
		6A7A7AEC1C0E5C5400251D97 /* Configuration.plist in Resources */ = {isa = PBXBuildFile; fileRef = 6A7A7AEB1C0E5C5400251D97 /* Configuration.plist */; };
		6A7A7AEF1C0F2D3E00251D97 /* PKDPokedexTableViewCell.m in Sources */ = {isa = PBXBuildFile; fileRef = 6A7A7AEE1C0F2D3E00251D97 /* PKDPokedexTableViewCell.m */; };
		6A7A7B081C0F400E00251D97 /* PKDPokemonModuleAPIDataManager.m in Sources */ = {isa = PBXBuildFile; fileRef = 6A7A7AF41C0F400E00251D97 /* PKDPokemonModuleAPIDataManager.m */; };
		6A7A7B091C0F400E00251D97 /* PKDPokemonModuleLocalDataManager.m in Sources */ = {isa = PBXBuildFile; fileRef = 6A7A7AF71C0F400E00251D97 /* PKDPokemonModuleLocalDataManager.m */; };
		6A7A7B0A1C0F400E00251D97 /* PKDPokemonModuleInteractor.m in Sources */ = {isa = PBXBuildFile; fileRef = 6A7A7AFA1C0F400E00251D97 /* PKDPokemonModuleInteractor.m */; };
		6A7A7B0B1C0F400E00251D97 /* PKDPokemonModuleItem.m in Sources */ = {isa = PBXBuildFile; fileRef = 6A7A7AFC1C0F400E00251D97 /* PKDPokemonModuleItem.m */; };
		6A7A7B0C1C0F400E00251D97 /* PKDPokemonModulePresenter.m in Sources */ = {isa = PBXBuildFile; fileRef = 6A7A7AFF1C0F400E00251D97 /* PKDPokemonModulePresenter.m */; };
		6A7A7B0D1C0F400E00251D97 /* PKDPokemonModuleView.m in Sources */ = {isa = PBXBuildFile; fileRef = 6A7A7B041C0F400E00251D97 /* PKDPokemonModuleView.m */; };
		6A7A7B0E1C0F400E00251D97 /* PKDPokemonModuleWireFrame.m in Sources */ = {isa = PBXBuildFile; fileRef = 6A7A7B071C0F400E00251D97 /* PKDPokemonModuleWireFrame.m */; };
		6A7A7B141C0F811100251D97 /* PKDEvolutionItem.m in Sources */ = {isa = PBXBuildFile; fileRef = 6A7A7B131C0F811100251D97 /* PKDEvolutionItem.m */; };
		6A7A7B1D1C0F905E00251D97 /* NSString+PKDStringAdditions.m in Sources */ = {isa = PBXBuildFile; fileRef = 6A7A7B1C1C0F905E00251D97 /* NSString+PKDStringAdditions.m */; };
		6A9B65A51C0E107E00B274E9 /* Constants.m in Sources */ = {isa = PBXBuildFile; fileRef = 6A9B65A41C0E107E00B274E9 /* Constants.m */; };
		6A9B65A81C0E115E00B274E9 /* PKDConfiguration.m in Sources */ = {isa = PBXBuildFile; fileRef = 6A9B65A71C0E115E00B274E9 /* PKDConfiguration.m */; };
		6A9B65AD1C0E2D4400B274E9 /* PKDService.m in Sources */ = {isa = PBXBuildFile; fileRef = 6A9B65AC1C0E2D4400B274E9 /* PKDService.m */; };
		6A9B65E61C0E34EC00B274E9 /* PKDPokedexModuleAPIDataManager.m in Sources */ = {isa = PBXBuildFile; fileRef = 6A9B65D21C0E34EC00B274E9 /* PKDPokedexModuleAPIDataManager.m */; };
		6A9B65E71C0E34EC00B274E9 /* PKDPokedexModuleLocalDataManager.m in Sources */ = {isa = PBXBuildFile; fileRef = 6A9B65D51C0E34EC00B274E9 /* PKDPokedexModuleLocalDataManager.m */; };
		6A9B65E81C0E34EC00B274E9 /* PKDPokedexModuleInteractor.m in Sources */ = {isa = PBXBuildFile; fileRef = 6A9B65D81C0E34EC00B274E9 /* PKDPokedexModuleInteractor.m */; };
		6A9B65E91C0E34EC00B274E9 /* PKDPokedexModuleItem.m in Sources */ = {isa = PBXBuildFile; fileRef = 6A9B65DA1C0E34EC00B274E9 /* PKDPokedexModuleItem.m */; };
		6A9B65EA1C0E34EC00B274E9 /* PKDPokedexModulePresenter.m in Sources */ = {isa = PBXBuildFile; fileRef = 6A9B65DD1C0E34EC00B274E9 /* PKDPokedexModulePresenter.m */; };
		6A9B65EB1C0E34EC00B274E9 /* PKDPokedexModuleView.m in Sources */ = {isa = PBXBuildFile; fileRef = 6A9B65E21C0E34EC00B274E9 /* PKDPokedexModuleView.m */; };
		6A9B65EC1C0E34EC00B274E9 /* PKDPokedexModuleWireFrame.m in Sources */ = {isa = PBXBuildFile; fileRef = 6A9B65E51C0E34EC00B274E9 /* PKDPokedexModuleWireFrame.m */; };
		6A9B65EF1C0E35D200B274E9 /* PKDBaseModel.m in Sources */ = {isa = PBXBuildFile; fileRef = 6A9B65EE1C0E35D200B274E9 /* PKDBaseModel.m */; };
		6A9B65F21C0E3EF400B274E9 /* PKDPokemonListModel.m in Sources */ = {isa = PBXBuildFile; fileRef = 6A9B65F11C0E3EF400B274E9 /* PKDPokemonListModel.m */; };
		6A9B65F81C0E47BD00B274E9 /* PKDAppDependences.m in Sources */ = {isa = PBXBuildFile; fileRef = 6A9B65F71C0E47BD00B274E9 /* PKDAppDependences.m */; };
		6AB95B6D1C0CFED6007D18D0 /* main.m in Sources */ = {isa = PBXBuildFile; fileRef = 6AB95B6C1C0CFED6007D18D0 /* main.m */; };
		6AB95B701C0CFED6007D18D0 /* AppDelegate.m in Sources */ = {isa = PBXBuildFile; fileRef = 6AB95B6F1C0CFED6007D18D0 /* AppDelegate.m */; };
		6AB95B731C0CFED6007D18D0 /* ViewController.m in Sources */ = {isa = PBXBuildFile; fileRef = 6AB95B721C0CFED6007D18D0 /* ViewController.m */; };
		6AB95B761C0CFED6007D18D0 /* Main.storyboard in Resources */ = {isa = PBXBuildFile; fileRef = 6AB95B741C0CFED6007D18D0 /* Main.storyboard */; };
		6AB95B781C0CFED6007D18D0 /* Assets.xcassets in Resources */ = {isa = PBXBuildFile; fileRef = 6AB95B771C0CFED6007D18D0 /* Assets.xcassets */; };
		6AB95B7B1C0CFED6007D18D0 /* LaunchScreen.storyboard in Resources */ = {isa = PBXBuildFile; fileRef = 6AB95B791C0CFED6007D18D0 /* LaunchScreen.storyboard */; };
		6AB95B861C0CFED7007D18D0 /* iOS_PokedexTests.m in Sources */ = {isa = PBXBuildFile; fileRef = 6AB95B851C0CFED7007D18D0 /* iOS_PokedexTests.m */; };
		DC9E6E7640E029B779FFE97A /* libPods-iOS Pokedex.a in Frameworks */ = {isa = PBXBuildFile; fileRef = 715997A26D913C5F93EEE739 /* libPods-iOS Pokedex.a */; };
/* End PBXBuildFile section */

/* Begin PBXContainerItemProxy section */
		6AB95B821C0CFED7007D18D0 /* PBXContainerItemProxy */ = {
			isa = PBXContainerItemProxy;
			containerPortal = 6AB95B601C0CFED5007D18D0 /* Project object */;
			proxyType = 1;
			remoteGlobalIDString = 6AB95B671C0CFED6007D18D0;
			remoteInfo = "iOS Pokedex";
		};
/* End PBXContainerItemProxy section */

/* Begin PBXFileReference section */
		6A7A7AE61C0E4C0700251D97 /* PKDRootWireFrame.h */ = {isa = PBXFileReference; fileEncoding = 4; lastKnownFileType = sourcecode.c.h; path = PKDRootWireFrame.h; sourceTree = "<group>"; };
		6A7A7AE71C0E4C0700251D97 /* PKDRootWireFrame.m */ = {isa = PBXFileReference; fileEncoding = 4; lastKnownFileType = sourcecode.c.objc; path = PKDRootWireFrame.m; sourceTree = "<group>"; };
		6A7A7AEB1C0E5C5400251D97 /* Configuration.plist */ = {isa = PBXFileReference; fileEncoding = 4; lastKnownFileType = text.plist.xml; path = Configuration.plist; sourceTree = "<group>"; };
		6A7A7AED1C0F2D3E00251D97 /* PKDPokedexTableViewCell.h */ = {isa = PBXFileReference; fileEncoding = 4; lastKnownFileType = sourcecode.c.h; name = PKDPokedexTableViewCell.h; path = PokedexCell/PKDPokedexTableViewCell.h; sourceTree = "<group>"; };
		6A7A7AEE1C0F2D3E00251D97 /* PKDPokedexTableViewCell.m */ = {isa = PBXFileReference; fileEncoding = 4; lastKnownFileType = sourcecode.c.objc; name = PKDPokedexTableViewCell.m; path = PokedexCell/PKDPokedexTableViewCell.m; sourceTree = "<group>"; };
		6A7A7AF31C0F400E00251D97 /* PKDPokemonModuleAPIDataManager.h */ = {isa = PBXFileReference; fileEncoding = 4; lastKnownFileType = sourcecode.c.h; path = PKDPokemonModuleAPIDataManager.h; sourceTree = "<group>"; };
		6A7A7AF41C0F400E00251D97 /* PKDPokemonModuleAPIDataManager.m */ = {isa = PBXFileReference; fileEncoding = 4; lastKnownFileType = sourcecode.c.objc; path = PKDPokemonModuleAPIDataManager.m; sourceTree = "<group>"; };
		6A7A7AF61C0F400E00251D97 /* PKDPokemonModuleLocalDataManager.h */ = {isa = PBXFileReference; fileEncoding = 4; lastKnownFileType = sourcecode.c.h; path = PKDPokemonModuleLocalDataManager.h; sourceTree = "<group>"; };
		6A7A7AF71C0F400E00251D97 /* PKDPokemonModuleLocalDataManager.m */ = {isa = PBXFileReference; fileEncoding = 4; lastKnownFileType = sourcecode.c.objc; path = PKDPokemonModuleLocalDataManager.m; sourceTree = "<group>"; };
		6A7A7AF91C0F400E00251D97 /* PKDPokemonModuleInteractor.h */ = {isa = PBXFileReference; fileEncoding = 4; lastKnownFileType = sourcecode.c.h; path = PKDPokemonModuleInteractor.h; sourceTree = "<group>"; };
		6A7A7AFA1C0F400E00251D97 /* PKDPokemonModuleInteractor.m */ = {isa = PBXFileReference; fileEncoding = 4; lastKnownFileType = sourcecode.c.objc; path = PKDPokemonModuleInteractor.m; sourceTree = "<group>"; };
		6A7A7AFB1C0F400E00251D97 /* PKDPokemonModuleItem.h */ = {isa = PBXFileReference; fileEncoding = 4; lastKnownFileType = sourcecode.c.h; path = PKDPokemonModuleItem.h; sourceTree = "<group>"; };
		6A7A7AFC1C0F400E00251D97 /* PKDPokemonModuleItem.m */ = {isa = PBXFileReference; fileEncoding = 4; lastKnownFileType = sourcecode.c.objc; path = PKDPokemonModuleItem.m; sourceTree = "<group>"; };
		6A7A7AFE1C0F400E00251D97 /* PKDPokemonModulePresenter.h */ = {isa = PBXFileReference; fileEncoding = 4; lastKnownFileType = sourcecode.c.h; path = PKDPokemonModulePresenter.h; sourceTree = "<group>"; };
		6A7A7AFF1C0F400E00251D97 /* PKDPokemonModulePresenter.m */ = {isa = PBXFileReference; fileEncoding = 4; lastKnownFileType = sourcecode.c.objc; path = PKDPokemonModulePresenter.m; sourceTree = "<group>"; };
		6A7A7B011C0F400E00251D97 /* PKDPokemonModuleProtocols.h */ = {isa = PBXFileReference; fileEncoding = 4; lastKnownFileType = sourcecode.c.h; path = PKDPokemonModuleProtocols.h; sourceTree = "<group>"; };
		6A7A7B031C0F400E00251D97 /* PKDPokemonModuleView.h */ = {isa = PBXFileReference; fileEncoding = 4; lastKnownFileType = sourcecode.c.h; path = PKDPokemonModuleView.h; sourceTree = "<group>"; };
		6A7A7B041C0F400E00251D97 /* PKDPokemonModuleView.m */ = {isa = PBXFileReference; fileEncoding = 4; lastKnownFileType = sourcecode.c.objc; path = PKDPokemonModuleView.m; sourceTree = "<group>"; };
		6A7A7B061C0F400E00251D97 /* PKDPokemonModuleWireFrame.h */ = {isa = PBXFileReference; fileEncoding = 4; lastKnownFileType = sourcecode.c.h; path = PKDPokemonModuleWireFrame.h; sourceTree = "<group>"; };
		6A7A7B071C0F400E00251D97 /* PKDPokemonModuleWireFrame.m */ = {isa = PBXFileReference; fileEncoding = 4; lastKnownFileType = sourcecode.c.objc; path = PKDPokemonModuleWireFrame.m; sourceTree = "<group>"; };
		6A7A7B121C0F811100251D97 /* PKDEvolutionItem.h */ = {isa = PBXFileReference; fileEncoding = 4; lastKnownFileType = sourcecode.c.h; path = PKDEvolutionItem.h; sourceTree = "<group>"; };
		6A7A7B131C0F811100251D97 /* PKDEvolutionItem.m */ = {isa = PBXFileReference; fileEncoding = 4; lastKnownFileType = sourcecode.c.objc; path = PKDEvolutionItem.m; sourceTree = "<group>"; };
		6A7A7B1B1C0F905E00251D97 /* NSString+PKDStringAdditions.h */ = {isa = PBXFileReference; fileEncoding = 4; lastKnownFileType = sourcecode.c.h; name = "NSString+PKDStringAdditions.h"; path = "iOS Pokedex/Common/Utilities/NSString+PKDStringAdditions.h"; sourceTree = SOURCE_ROOT; };
		6A7A7B1C1C0F905E00251D97 /* NSString+PKDStringAdditions.m */ = {isa = PBXFileReference; fileEncoding = 4; lastKnownFileType = sourcecode.c.objc; name = "NSString+PKDStringAdditions.m"; path = "iOS Pokedex/Common/Utilities/NSString+PKDStringAdditions.m"; sourceTree = SOURCE_ROOT; };
		6A9B65A31C0E107E00B274E9 /* Constants.h */ = {isa = PBXFileReference; fileEncoding = 4; lastKnownFileType = sourcecode.c.h; name = Constants.h; path = Common/Utilities/Constants.h; sourceTree = "<group>"; };
		6A9B65A41C0E107E00B274E9 /* Constants.m */ = {isa = PBXFileReference; fileEncoding = 4; lastKnownFileType = sourcecode.c.objc; name = Constants.m; path = Common/Utilities/Constants.m; sourceTree = "<group>"; };
		6A9B65A61C0E115E00B274E9 /* PKDConfiguration.h */ = {isa = PBXFileReference; fileEncoding = 4; lastKnownFileType = sourcecode.c.h; name = PKDConfiguration.h; path = Common/Utilities/PKDConfiguration.h; sourceTree = "<group>"; };
		6A9B65A71C0E115E00B274E9 /* PKDConfiguration.m */ = {isa = PBXFileReference; fileEncoding = 4; lastKnownFileType = sourcecode.c.objc; name = PKDConfiguration.m; path = Common/Utilities/PKDConfiguration.m; sourceTree = "<group>"; };
		6A9B65AA1C0E261E00B274E9 /* IOSPokedex-PrefixHeader.pch */ = {isa = PBXFileReference; fileEncoding = 4; lastKnownFileType = sourcecode.c.h; path = "IOSPokedex-PrefixHeader.pch"; sourceTree = "<group>"; };
		6A9B65AB1C0E2D4400B274E9 /* PKDService.h */ = {isa = PBXFileReference; fileEncoding = 4; lastKnownFileType = sourcecode.c.h; name = PKDService.h; path = Common/Service/PKDService.h; sourceTree = "<group>"; };
		6A9B65AC1C0E2D4400B274E9 /* PKDService.m */ = {isa = PBXFileReference; fileEncoding = 4; lastKnownFileType = sourcecode.c.objc; name = PKDService.m; path = Common/Service/PKDService.m; sourceTree = "<group>"; };
		6A9B65D11C0E34EC00B274E9 /* PKDPokedexModuleAPIDataManager.h */ = {isa = PBXFileReference; fileEncoding = 4; lastKnownFileType = sourcecode.c.h; path = PKDPokedexModuleAPIDataManager.h; sourceTree = "<group>"; };
		6A9B65D21C0E34EC00B274E9 /* PKDPokedexModuleAPIDataManager.m */ = {isa = PBXFileReference; fileEncoding = 4; lastKnownFileType = sourcecode.c.objc; path = PKDPokedexModuleAPIDataManager.m; sourceTree = "<group>"; };
		6A9B65D41C0E34EC00B274E9 /* PKDPokedexModuleLocalDataManager.h */ = {isa = PBXFileReference; fileEncoding = 4; lastKnownFileType = sourcecode.c.h; path = PKDPokedexModuleLocalDataManager.h; sourceTree = "<group>"; };
		6A9B65D51C0E34EC00B274E9 /* PKDPokedexModuleLocalDataManager.m */ = {isa = PBXFileReference; fileEncoding = 4; lastKnownFileType = sourcecode.c.objc; path = PKDPokedexModuleLocalDataManager.m; sourceTree = "<group>"; };
		6A9B65D71C0E34EC00B274E9 /* PKDPokedexModuleInteractor.h */ = {isa = PBXFileReference; fileEncoding = 4; lastKnownFileType = sourcecode.c.h; path = PKDPokedexModuleInteractor.h; sourceTree = "<group>"; };
		6A9B65D81C0E34EC00B274E9 /* PKDPokedexModuleInteractor.m */ = {isa = PBXFileReference; fileEncoding = 4; lastKnownFileType = sourcecode.c.objc; path = PKDPokedexModuleInteractor.m; sourceTree = "<group>"; };
		6A9B65D91C0E34EC00B274E9 /* PKDPokedexModuleItem.h */ = {isa = PBXFileReference; fileEncoding = 4; lastKnownFileType = sourcecode.c.h; path = PKDPokedexModuleItem.h; sourceTree = "<group>"; };
		6A9B65DA1C0E34EC00B274E9 /* PKDPokedexModuleItem.m */ = {isa = PBXFileReference; fileEncoding = 4; lastKnownFileType = sourcecode.c.objc; path = PKDPokedexModuleItem.m; sourceTree = "<group>"; };
		6A9B65DC1C0E34EC00B274E9 /* PKDPokedexModulePresenter.h */ = {isa = PBXFileReference; fileEncoding = 4; lastKnownFileType = sourcecode.c.h; path = PKDPokedexModulePresenter.h; sourceTree = "<group>"; };
		6A9B65DD1C0E34EC00B274E9 /* PKDPokedexModulePresenter.m */ = {isa = PBXFileReference; fileEncoding = 4; lastKnownFileType = sourcecode.c.objc; path = PKDPokedexModulePresenter.m; sourceTree = "<group>"; };
		6A9B65DF1C0E34EC00B274E9 /* PKDPokedexModuleProtocols.h */ = {isa = PBXFileReference; fileEncoding = 4; lastKnownFileType = sourcecode.c.h; path = PKDPokedexModuleProtocols.h; sourceTree = "<group>"; };
		6A9B65E11C0E34EC00B274E9 /* PKDPokedexModuleView.h */ = {isa = PBXFileReference; fileEncoding = 4; lastKnownFileType = sourcecode.c.h; path = PKDPokedexModuleView.h; sourceTree = "<group>"; };
		6A9B65E21C0E34EC00B274E9 /* PKDPokedexModuleView.m */ = {isa = PBXFileReference; fileEncoding = 4; lastKnownFileType = sourcecode.c.objc; path = PKDPokedexModuleView.m; sourceTree = "<group>"; };
		6A9B65E41C0E34EC00B274E9 /* PKDPokedexModuleWireFrame.h */ = {isa = PBXFileReference; fileEncoding = 4; lastKnownFileType = sourcecode.c.h; path = PKDPokedexModuleWireFrame.h; sourceTree = "<group>"; };
		6A9B65E51C0E34EC00B274E9 /* PKDPokedexModuleWireFrame.m */ = {isa = PBXFileReference; fileEncoding = 4; lastKnownFileType = sourcecode.c.objc; path = PKDPokedexModuleWireFrame.m; sourceTree = "<group>"; };
		6A9B65ED1C0E35D200B274E9 /* PKDBaseModel.h */ = {isa = PBXFileReference; fileEncoding = 4; lastKnownFileType = sourcecode.c.h; path = PKDBaseModel.h; sourceTree = "<group>"; };
		6A9B65EE1C0E35D200B274E9 /* PKDBaseModel.m */ = {isa = PBXFileReference; fileEncoding = 4; lastKnownFileType = sourcecode.c.objc; path = PKDBaseModel.m; sourceTree = "<group>"; };
		6A9B65F01C0E3EF400B274E9 /* PKDPokemonListModel.h */ = {isa = PBXFileReference; fileEncoding = 4; lastKnownFileType = sourcecode.c.h; path = PKDPokemonListModel.h; sourceTree = "<group>"; };
		6A9B65F11C0E3EF400B274E9 /* PKDPokemonListModel.m */ = {isa = PBXFileReference; fileEncoding = 4; lastKnownFileType = sourcecode.c.objc; path = PKDPokemonListModel.m; sourceTree = "<group>"; };
		6A9B65F61C0E47BD00B274E9 /* PKDAppDependences.h */ = {isa = PBXFileReference; fileEncoding = 4; lastKnownFileType = sourcecode.c.h; path = PKDAppDependences.h; sourceTree = "<group>"; };
		6A9B65F71C0E47BD00B274E9 /* PKDAppDependences.m */ = {isa = PBXFileReference; fileEncoding = 4; lastKnownFileType = sourcecode.c.objc; path = PKDAppDependences.m; sourceTree = "<group>"; };
		6AB95B681C0CFED6007D18D0 /* iOS Pokedex.app */ = {isa = PBXFileReference; explicitFileType = wrapper.application; includeInIndex = 0; path = "iOS Pokedex.app"; sourceTree = BUILT_PRODUCTS_DIR; };
		6AB95B6C1C0CFED6007D18D0 /* main.m */ = {isa = PBXFileReference; lastKnownFileType = sourcecode.c.objc; path = main.m; sourceTree = "<group>"; };
		6AB95B6E1C0CFED6007D18D0 /* AppDelegate.h */ = {isa = PBXFileReference; lastKnownFileType = sourcecode.c.h; path = AppDelegate.h; sourceTree = "<group>"; };
		6AB95B6F1C0CFED6007D18D0 /* AppDelegate.m */ = {isa = PBXFileReference; lastKnownFileType = sourcecode.c.objc; path = AppDelegate.m; sourceTree = "<group>"; };
		6AB95B711C0CFED6007D18D0 /* ViewController.h */ = {isa = PBXFileReference; lastKnownFileType = sourcecode.c.h; path = ViewController.h; sourceTree = "<group>"; };
		6AB95B721C0CFED6007D18D0 /* ViewController.m */ = {isa = PBXFileReference; lastKnownFileType = sourcecode.c.objc; path = ViewController.m; sourceTree = "<group>"; };
		6AB95B751C0CFED6007D18D0 /* Base */ = {isa = PBXFileReference; lastKnownFileType = file.storyboard; name = Base; path = Base.lproj/Main.storyboard; sourceTree = "<group>"; };
		6AB95B771C0CFED6007D18D0 /* Assets.xcassets */ = {isa = PBXFileReference; lastKnownFileType = folder.assetcatalog; path = Assets.xcassets; sourceTree = "<group>"; };
		6AB95B7A1C0CFED6007D18D0 /* Base */ = {isa = PBXFileReference; lastKnownFileType = file.storyboard; name = Base; path = Base.lproj/LaunchScreen.storyboard; sourceTree = "<group>"; };
		6AB95B7C1C0CFED6007D18D0 /* Info.plist */ = {isa = PBXFileReference; lastKnownFileType = text.plist.xml; path = Info.plist; sourceTree = "<group>"; };
		6AB95B811C0CFED7007D18D0 /* iOS PokedexTests.xctest */ = {isa = PBXFileReference; explicitFileType = wrapper.cfbundle; includeInIndex = 0; path = "iOS PokedexTests.xctest"; sourceTree = BUILT_PRODUCTS_DIR; };
		6AB95B851C0CFED7007D18D0 /* iOS_PokedexTests.m */ = {isa = PBXFileReference; lastKnownFileType = sourcecode.c.objc; path = iOS_PokedexTests.m; sourceTree = "<group>"; };
		6AB95B871C0CFED7007D18D0 /* Info.plist */ = {isa = PBXFileReference; lastKnownFileType = text.plist.xml; path = Info.plist; sourceTree = "<group>"; };
		715997A26D913C5F93EEE739 /* libPods-iOS Pokedex.a */ = {isa = PBXFileReference; explicitFileType = archive.ar; includeInIndex = 0; path = "libPods-iOS Pokedex.a"; sourceTree = BUILT_PRODUCTS_DIR; };
		947204AAEABDDF755C2E10B5 /* Pods-iOS Pokedex.release.xcconfig */ = {isa = PBXFileReference; includeInIndex = 1; lastKnownFileType = text.xcconfig; name = "Pods-iOS Pokedex.release.xcconfig"; path = "Pods/Target Support Files/Pods-iOS Pokedex/Pods-iOS Pokedex.release.xcconfig"; sourceTree = "<group>"; };
		CD60518FE8B444D73250ED5A /* Pods-iOS Pokedex.debug.xcconfig */ = {isa = PBXFileReference; includeInIndex = 1; lastKnownFileType = text.xcconfig; name = "Pods-iOS Pokedex.debug.xcconfig"; path = "Pods/Target Support Files/Pods-iOS Pokedex/Pods-iOS Pokedex.debug.xcconfig"; sourceTree = "<group>"; };
/* End PBXFileReference section */

/* Begin PBXFrameworksBuildPhase section */
		6AB95B651C0CFED6007D18D0 /* Frameworks */ = {
			isa = PBXFrameworksBuildPhase;
			buildActionMask = 2147483647;
			files = (
				DC9E6E7640E029B779FFE97A /* libPods-iOS Pokedex.a in Frameworks */,
			);
			runOnlyForDeploymentPostprocessing = 0;
		};
		6AB95B7E1C0CFED7007D18D0 /* Frameworks */ = {
			isa = PBXFrameworksBuildPhase;
			buildActionMask = 2147483647;
			files = (
			);
			runOnlyForDeploymentPostprocessing = 0;
		};
/* End PBXFrameworksBuildPhase section */

/* Begin PBXGroup section */
		16F18E0FF50988227DD1CDA4 /* Pods */ = {
			isa = PBXGroup;
			children = (
				CD60518FE8B444D73250ED5A /* Pods-iOS Pokedex.debug.xcconfig */,
				947204AAEABDDF755C2E10B5 /* Pods-iOS Pokedex.release.xcconfig */,
			);
			name = Pods;
			sourceTree = "<group>";
		};
		6A7A7AE91C0E5C5400251D97 /* Resources */ = {
			isa = PBXGroup;
			children = (
				6A7A7AEA1C0E5C5400251D97 /* Plist */,
			);
			path = Resources;
			sourceTree = "<group>";
		};
		6A7A7AEA1C0E5C5400251D97 /* Plist */ = {
			isa = PBXGroup;
			children = (
				6A7A7AEB1C0E5C5400251D97 /* Configuration.plist */,
			);
			path = Plist;
			sourceTree = "<group>";
		};
		6A7A7AF01C0F400E00251D97 /* PKDPokemonModule */ = {
			isa = PBXGroup;
			children = (
				6A7A7AF11C0F400E00251D97 /* DataManager */,
				6A7A7AF81C0F400E00251D97 /* Interactor */,
				6A7A7AFD1C0F400E00251D97 /* Presenter */,
				6A7A7B001C0F400E00251D97 /* Protocols */,
				6A7A7B021C0F400E00251D97 /* View */,
				6A7A7B051C0F400E00251D97 /* WireFrame */,
			);
			path = PKDPokemonModule;
			sourceTree = "<group>";
		};
		6A7A7AF11C0F400E00251D97 /* DataManager */ = {
			isa = PBXGroup;
			children = (
				6A7A7AF21C0F400E00251D97 /* API */,
				6A7A7AF51C0F400E00251D97 /* Local */,
			);
			path = DataManager;
			sourceTree = "<group>";
		};
		6A7A7AF21C0F400E00251D97 /* API */ = {
			isa = PBXGroup;
			children = (
				6A7A7AF31C0F400E00251D97 /* PKDPokemonModuleAPIDataManager.h */,
				6A7A7AF41C0F400E00251D97 /* PKDPokemonModuleAPIDataManager.m */,
			);
			path = API;
			sourceTree = "<group>";
		};
		6A7A7AF51C0F400E00251D97 /* Local */ = {
			isa = PBXGroup;
			children = (
				6A7A7AF61C0F400E00251D97 /* PKDPokemonModuleLocalDataManager.h */,
				6A7A7AF71C0F400E00251D97 /* PKDPokemonModuleLocalDataManager.m */,
			);
			path = Local;
			sourceTree = "<group>";
		};
		6A7A7AF81C0F400E00251D97 /* Interactor */ = {
			isa = PBXGroup;
			children = (
				6A7A7AF91C0F400E00251D97 /* PKDPokemonModuleInteractor.h */,
				6A7A7AFA1C0F400E00251D97 /* PKDPokemonModuleInteractor.m */,
				6A7A7AFB1C0F400E00251D97 /* PKDPokemonModuleItem.h */,
				6A7A7AFC1C0F400E00251D97 /* PKDPokemonModuleItem.m */,
				6A7A7B121C0F811100251D97 /* PKDEvolutionItem.h */,
				6A7A7B131C0F811100251D97 /* PKDEvolutionItem.m */,
			);
			path = Interactor;
			sourceTree = "<group>";
		};
		6A7A7AFD1C0F400E00251D97 /* Presenter */ = {
			isa = PBXGroup;
			children = (
				6A7A7AFE1C0F400E00251D97 /* PKDPokemonModulePresenter.h */,
				6A7A7AFF1C0F400E00251D97 /* PKDPokemonModulePresenter.m */,
			);
			path = Presenter;
			sourceTree = "<group>";
		};
		6A7A7B001C0F400E00251D97 /* Protocols */ = {
			isa = PBXGroup;
			children = (
				6A7A7B011C0F400E00251D97 /* PKDPokemonModuleProtocols.h */,
			);
			path = Protocols;
			sourceTree = "<group>";
		};
		6A7A7B021C0F400E00251D97 /* View */ = {
			isa = PBXGroup;
			children = (
				6A7A7B031C0F400E00251D97 /* PKDPokemonModuleView.h */,
				6A7A7B041C0F400E00251D97 /* PKDPokemonModuleView.m */,
			);
			path = View;
			sourceTree = "<group>";
		};
		6A7A7B051C0F400E00251D97 /* WireFrame */ = {
			isa = PBXGroup;
			children = (
				6A7A7B061C0F400E00251D97 /* PKDPokemonModuleWireFrame.h */,
				6A7A7B071C0F400E00251D97 /* PKDPokemonModuleWireFrame.m */,
			);
			path = WireFrame;
			sourceTree = "<group>";
		};
		6A9B65A21C0E0FFD00B274E9 /* Utitlities */ = {
			isa = PBXGroup;
			children = (
				6A7A7B1B1C0F905E00251D97 /* NSString+PKDStringAdditions.h */,
				6A7A7B1C1C0F905E00251D97 /* NSString+PKDStringAdditions.m */,
				6A9B65A31C0E107E00B274E9 /* Constants.h */,
				6A9B65A41C0E107E00B274E9 /* Constants.m */,
				6A9B65A61C0E115E00B274E9 /* PKDConfiguration.h */,
				6A9B65A71C0E115E00B274E9 /* PKDConfiguration.m */,
			);
			name = Utitlities;
			sourceTree = "<group>";
		};
		6A9B65CE1C0E34EC00B274E9 /* PKDPokedexModule */ = {
			isa = PBXGroup;
			children = (
				6A9B65CF1C0E34EC00B274E9 /* DataManager */,
				6A9B65D61C0E34EC00B274E9 /* Interactor */,
				6A9B65DB1C0E34EC00B274E9 /* Presenter */,
				6A9B65DE1C0E34EC00B274E9 /* Protocols */,
				6A9B65E01C0E34EC00B274E9 /* View */,
				6A9B65E31C0E34EC00B274E9 /* WireFrame */,
			);
			name = PKDPokedexModule;
			path = Modules/PKDPokedexModule;
			sourceTree = "<group>";
		};
		6A9B65CF1C0E34EC00B274E9 /* DataManager */ = {
			isa = PBXGroup;
			children = (
				6A9B65D01C0E34EC00B274E9 /* API */,
				6A9B65D31C0E34EC00B274E9 /* Local */,
			);
			path = DataManager;
			sourceTree = "<group>";
		};
		6A9B65D01C0E34EC00B274E9 /* API */ = {
			isa = PBXGroup;
			children = (
				6A9B65D11C0E34EC00B274E9 /* PKDPokedexModuleAPIDataManager.h */,
				6A9B65D21C0E34EC00B274E9 /* PKDPokedexModuleAPIDataManager.m */,
			);
			path = API;
			sourceTree = "<group>";
		};
		6A9B65D31C0E34EC00B274E9 /* Local */ = {
			isa = PBXGroup;
			children = (
				6A9B65D41C0E34EC00B274E9 /* PKDPokedexModuleLocalDataManager.h */,
				6A9B65D51C0E34EC00B274E9 /* PKDPokedexModuleLocalDataManager.m */,
			);
			path = Local;
			sourceTree = "<group>";
		};
		6A9B65D61C0E34EC00B274E9 /* Interactor */ = {
			isa = PBXGroup;
			children = (
				6A9B65D71C0E34EC00B274E9 /* PKDPokedexModuleInteractor.h */,
				6A9B65D81C0E34EC00B274E9 /* PKDPokedexModuleInteractor.m */,
				6A9B65D91C0E34EC00B274E9 /* PKDPokedexModuleItem.h */,
				6A9B65DA1C0E34EC00B274E9 /* PKDPokedexModuleItem.m */,
				6A9B65ED1C0E35D200B274E9 /* PKDBaseModel.h */,
				6A9B65EE1C0E35D200B274E9 /* PKDBaseModel.m */,
				6A9B65F01C0E3EF400B274E9 /* PKDPokemonListModel.h */,
				6A9B65F11C0E3EF400B274E9 /* PKDPokemonListModel.m */,
			);
			path = Interactor;
			sourceTree = "<group>";
		};
		6A9B65DB1C0E34EC00B274E9 /* Presenter */ = {
			isa = PBXGroup;
			children = (
				6A9B65DC1C0E34EC00B274E9 /* PKDPokedexModulePresenter.h */,
				6A9B65DD1C0E34EC00B274E9 /* PKDPokedexModulePresenter.m */,
			);
			path = Presenter;
			sourceTree = "<group>";
		};
		6A9B65DE1C0E34EC00B274E9 /* Protocols */ = {
			isa = PBXGroup;
			children = (
				6A9B65DF1C0E34EC00B274E9 /* PKDPokedexModuleProtocols.h */,
			);
			path = Protocols;
			sourceTree = "<group>";
		};
		6A9B65E01C0E34EC00B274E9 /* View */ = {
			isa = PBXGroup;
			children = (
				6A9B65E11C0E34EC00B274E9 /* PKDPokedexModuleView.h */,
				6A9B65E21C0E34EC00B274E9 /* PKDPokedexModuleView.m */,
				6A7A7AED1C0F2D3E00251D97 /* PKDPokedexTableViewCell.h */,
				6A7A7AEE1C0F2D3E00251D97 /* PKDPokedexTableViewCell.m */,
			);
			path = View;
			sourceTree = "<group>";
		};
		6A9B65E31C0E34EC00B274E9 /* WireFrame */ = {
			isa = PBXGroup;
			children = (
				6A9B65E41C0E34EC00B274E9 /* PKDPokedexModuleWireFrame.h */,
				6A9B65E51C0E34EC00B274E9 /* PKDPokedexModuleWireFrame.m */,
				6A7A7AE61C0E4C0700251D97 /* PKDRootWireFrame.h */,
				6A7A7AE71C0E4C0700251D97 /* PKDRootWireFrame.m */,
			);
			path = WireFrame;
			sourceTree = "<group>";
		};
		6AB95B5F1C0CFED5007D18D0 = {
			isa = PBXGroup;
			children = (
				6A9B65AA1C0E261E00B274E9 /* IOSPokedex-PrefixHeader.pch */,
				6AB95B6A1C0CFED6007D18D0 /* iOS Pokedex */,
				6AB95B841C0CFED7007D18D0 /* iOS PokedexTests */,
				6AB95B691C0CFED6007D18D0 /* Products */,
				16F18E0FF50988227DD1CDA4 /* Pods */,
				731F8ECD0C5BFF8B5BDCC3EA /* Frameworks */,
			);
			sourceTree = "<group>";
		};
		6AB95B691C0CFED6007D18D0 /* Products */ = {
			isa = PBXGroup;
			children = (
				6AB95B681C0CFED6007D18D0 /* iOS Pokedex.app */,
				6AB95B811C0CFED7007D18D0 /* iOS PokedexTests.xctest */,
			);
			name = Products;
			sourceTree = "<group>";
		};
		6AB95B6A1C0CFED6007D18D0 /* iOS Pokedex */ = {
			isa = PBXGroup;
			children = (
				6A7A7AE91C0E5C5400251D97 /* Resources */,
				6A7A7AF01C0F400E00251D97 /* PKDPokemonModule */,
				6A9B65CE1C0E34EC00B274E9 /* PKDPokedexModule */,
				6A9B65A21C0E0FFD00B274E9 /* Utitlities */,
				6AC6425E1C0D048A00D2CF10 /* Common */,
				6AB95B6E1C0CFED6007D18D0 /* AppDelegate.h */,
				6AB95B6F1C0CFED6007D18D0 /* AppDelegate.m */,
				6AB95B711C0CFED6007D18D0 /* ViewController.h */,
				6A9B65F61C0E47BD00B274E9 /* PKDAppDependences.h */,
				6A9B65F71C0E47BD00B274E9 /* PKDAppDependences.m */,
				6AB95B721C0CFED6007D18D0 /* ViewController.m */,
				6AB95B741C0CFED6007D18D0 /* Main.storyboard */,
				6AB95B771C0CFED6007D18D0 /* Assets.xcassets */,
				6AB95B791C0CFED6007D18D0 /* LaunchScreen.storyboard */,
				6AB95B7C1C0CFED6007D18D0 /* Info.plist */,
				6AB95B6B1C0CFED6007D18D0 /* Supporting Files */,
			);
			path = "iOS Pokedex";
			sourceTree = "<group>";
		};
		6AB95B6B1C0CFED6007D18D0 /* Supporting Files */ = {
			isa = PBXGroup;
			children = (
				6AB95B6C1C0CFED6007D18D0 /* main.m */,
			);
			name = "Supporting Files";
			sourceTree = "<group>";
		};
		6AB95B841C0CFED7007D18D0 /* iOS PokedexTests */ = {
			isa = PBXGroup;
			children = (
				6AB95B851C0CFED7007D18D0 /* iOS_PokedexTests.m */,
				6AB95B871C0CFED7007D18D0 /* Info.plist */,
			);
			path = "iOS PokedexTests";
			sourceTree = "<group>";
		};
		6AC6425E1C0D048A00D2CF10 /* Common */ = {
			isa = PBXGroup;
			children = (
				6AC6425F1C0D049600D2CF10 /* Service */,
			);
			name = Common;
			sourceTree = "<group>";
		};
		6AC6425F1C0D049600D2CF10 /* Service */ = {
			isa = PBXGroup;
			children = (
				6A9B65AB1C0E2D4400B274E9 /* PKDService.h */,
				6A9B65AC1C0E2D4400B274E9 /* PKDService.m */,
			);
			name = Service;
			sourceTree = "<group>";
		};
		731F8ECD0C5BFF8B5BDCC3EA /* Frameworks */ = {
			isa = PBXGroup;
			children = (
				715997A26D913C5F93EEE739 /* libPods-iOS Pokedex.a */,
			);
			name = Frameworks;
			sourceTree = "<group>";
		};
/* End PBXGroup section */

/* Begin PBXNativeTarget section */
		6AB95B671C0CFED6007D18D0 /* iOS Pokedex */ = {
			isa = PBXNativeTarget;
			buildConfigurationList = 6AB95B8A1C0CFED7007D18D0 /* Build configuration list for PBXNativeTarget "iOS Pokedex" */;
			buildPhases = (
				F264FF2022264B55D32FD1CC /* Check Pods Manifest.lock */,
				6AB95B641C0CFED6007D18D0 /* Sources */,
				6AB95B651C0CFED6007D18D0 /* Frameworks */,
				6AB95B661C0CFED6007D18D0 /* Resources */,
				066EE96C8A98CEDD9A732630 /* Embed Pods Frameworks */,
				A8572D5643A533B3BDBAFAFB /* Copy Pods Resources */,
			);
			buildRules = (
			);
			dependencies = (
			);
			name = "iOS Pokedex";
			productName = "iOS Pokedex";
			productReference = 6AB95B681C0CFED6007D18D0 /* iOS Pokedex.app */;
			productType = "com.apple.product-type.application";
		};
		6AB95B801C0CFED7007D18D0 /* iOS PokedexTests */ = {
			isa = PBXNativeTarget;
			buildConfigurationList = 6AB95B8D1C0CFED7007D18D0 /* Build configuration list for PBXNativeTarget "iOS PokedexTests" */;
			buildPhases = (
				6AB95B7D1C0CFED7007D18D0 /* Sources */,
				6AB95B7E1C0CFED7007D18D0 /* Frameworks */,
				6AB95B7F1C0CFED7007D18D0 /* Resources */,
			);
			buildRules = (
			);
			dependencies = (
				6AB95B831C0CFED7007D18D0 /* PBXTargetDependency */,
			);
			name = "iOS PokedexTests";
			productName = "iOS PokedexTests";
			productReference = 6AB95B811C0CFED7007D18D0 /* iOS PokedexTests.xctest */;
			productType = "com.apple.product-type.bundle.unit-test";
		};
/* End PBXNativeTarget section */

/* Begin PBXProject section */
		6AB95B601C0CFED5007D18D0 /* Project object */ = {
			isa = PBXProject;
			attributes = {
				CLASSPREFIX = PKD;
				LastUpgradeCheck = 0710;
				ORGANIZATIONNAME = Test;
				TargetAttributes = {
					6AB95B671C0CFED6007D18D0 = {
						CreatedOnToolsVersion = 7.1;
					};
					6AB95B801C0CFED7007D18D0 = {
						CreatedOnToolsVersion = 7.1;
						TestTargetID = 6AB95B671C0CFED6007D18D0;
					};
				};
			};
			buildConfigurationList = 6AB95B631C0CFED5007D18D0 /* Build configuration list for PBXProject "iOS Pokedex" */;
			compatibilityVersion = "Xcode 3.2";
			developmentRegion = English;
			hasScannedForEncodings = 0;
			knownRegions = (
				en,
				Base,
			);
			mainGroup = 6AB95B5F1C0CFED5007D18D0;
			productRefGroup = 6AB95B691C0CFED6007D18D0 /* Products */;
			projectDirPath = "";
			projectRoot = "";
			targets = (
				6AB95B671C0CFED6007D18D0 /* iOS Pokedex */,
				6AB95B801C0CFED7007D18D0 /* iOS PokedexTests */,
			);
		};
/* End PBXProject section */

/* Begin PBXResourcesBuildPhase section */
		6AB95B661C0CFED6007D18D0 /* Resources */ = {
			isa = PBXResourcesBuildPhase;
			buildActionMask = 2147483647;
			files = (
				6AB95B7B1C0CFED6007D18D0 /* LaunchScreen.storyboard in Resources */,
				6A7A7AEC1C0E5C5400251D97 /* Configuration.plist in Resources */,
				6AB95B781C0CFED6007D18D0 /* Assets.xcassets in Resources */,
				6AB95B761C0CFED6007D18D0 /* Main.storyboard in Resources */,
			);
			runOnlyForDeploymentPostprocessing = 0;
		};
		6AB95B7F1C0CFED7007D18D0 /* Resources */ = {
			isa = PBXResourcesBuildPhase;
			buildActionMask = 2147483647;
			files = (
			);
			runOnlyForDeploymentPostprocessing = 0;
		};
/* End PBXResourcesBuildPhase section */

/* Begin PBXShellScriptBuildPhase section */
		066EE96C8A98CEDD9A732630 /* Embed Pods Frameworks */ = {
			isa = PBXShellScriptBuildPhase;
			buildActionMask = 2147483647;
			files = (
			);
			inputPaths = (
			);
			name = "Embed Pods Frameworks";
			outputPaths = (
			);
			runOnlyForDeploymentPostprocessing = 0;
			shellPath = /bin/sh;
			shellScript = "\"${SRCROOT}/Pods/Target Support Files/Pods-iOS Pokedex/Pods-iOS Pokedex-frameworks.sh\"\n";
			showEnvVarsInLog = 0;
		};
		A8572D5643A533B3BDBAFAFB /* Copy Pods Resources */ = {
			isa = PBXShellScriptBuildPhase;
			buildActionMask = 2147483647;
			files = (
			);
			inputPaths = (
			);
			name = "Copy Pods Resources";
			outputPaths = (
			);
			runOnlyForDeploymentPostprocessing = 0;
			shellPath = /bin/sh;
			shellScript = "\"${SRCROOT}/Pods/Target Support Files/Pods-iOS Pokedex/Pods-iOS Pokedex-resources.sh\"\n";
			showEnvVarsInLog = 0;
		};
		F264FF2022264B55D32FD1CC /* Check Pods Manifest.lock */ = {
			isa = PBXShellScriptBuildPhase;
			buildActionMask = 2147483647;
			files = (
			);
			inputPaths = (
			);
			name = "Check Pods Manifest.lock";
			outputPaths = (
			);
			runOnlyForDeploymentPostprocessing = 0;
			shellPath = /bin/sh;
			shellScript = "diff \"${PODS_ROOT}/../Podfile.lock\" \"${PODS_ROOT}/Manifest.lock\" > /dev/null\nif [[ $? != 0 ]] ; then\n    cat << EOM\nerror: The sandbox is not in sync with the Podfile.lock. Run 'pod install' or update your CocoaPods installation.\nEOM\n    exit 1\nfi\n";
			showEnvVarsInLog = 0;
		};
/* End PBXShellScriptBuildPhase section */

/* Begin PBXSourcesBuildPhase section */
		6AB95B641C0CFED6007D18D0 /* Sources */ = {
			isa = PBXSourcesBuildPhase;
			buildActionMask = 2147483647;
			files = (
				6A7A7AEF1C0F2D3E00251D97 /* PKDPokedexTableViewCell.m in Sources */,
				6A9B65A51C0E107E00B274E9 /* Constants.m in Sources */,
				6A7A7B0B1C0F400E00251D97 /* PKDPokemonModuleItem.m in Sources */,
				6A7A7B1D1C0F905E00251D97 /* NSString+PKDStringAdditions.m in Sources */,
				6A9B65F81C0E47BD00B274E9 /* PKDAppDependences.m in Sources */,
				6A9B65AD1C0E2D4400B274E9 /* PKDService.m in Sources */,
				6A9B65E71C0E34EC00B274E9 /* PKDPokedexModuleLocalDataManager.m in Sources */,
				6A9B65F21C0E3EF400B274E9 /* PKDPokemonListModel.m in Sources */,
				6A9B65EA1C0E34EC00B274E9 /* PKDPokedexModulePresenter.m in Sources */,
				6A7A7B0E1C0F400E00251D97 /* PKDPokemonModuleWireFrame.m in Sources */,
				6AB95B731C0CFED6007D18D0 /* ViewController.m in Sources */,
				6AB95B701C0CFED6007D18D0 /* AppDelegate.m in Sources */,
				6A9B65A81C0E115E00B274E9 /* PKDConfiguration.m in Sources */,
				6A9B65E61C0E34EC00B274E9 /* PKDPokedexModuleAPIDataManager.m in Sources */,
				6A7A7B0A1C0F400E00251D97 /* PKDPokemonModuleInteractor.m in Sources */,
				6A9B65E81C0E34EC00B274E9 /* PKDPokedexModuleInteractor.m in Sources */,
				6A9B65EB1C0E34EC00B274E9 /* PKDPokedexModuleView.m in Sources */,
				6A9B65EF1C0E35D200B274E9 /* PKDBaseModel.m in Sources */,
				6A9B65EC1C0E34EC00B274E9 /* PKDPokedexModuleWireFrame.m in Sources */,
				6A7A7B141C0F811100251D97 /* PKDEvolutionItem.m in Sources */,
				6AB95B6D1C0CFED6007D18D0 /* main.m in Sources */,
				6A7A7B0D1C0F400E00251D97 /* PKDPokemonModuleView.m in Sources */,
				6A7A7AE81C0E4C0700251D97 /* PKDRootWireFrame.m in Sources */,
				6A7A7B081C0F400E00251D97 /* PKDPokemonModuleAPIDataManager.m in Sources */,
				6A7A7B0C1C0F400E00251D97 /* PKDPokemonModulePresenter.m in Sources */,
				6A9B65E91C0E34EC00B274E9 /* PKDPokedexModuleItem.m in Sources */,
				6A7A7B091C0F400E00251D97 /* PKDPokemonModuleLocalDataManager.m in Sources */,
			);
			runOnlyForDeploymentPostprocessing = 0;
		};
		6AB95B7D1C0CFED7007D18D0 /* Sources */ = {
			isa = PBXSourcesBuildPhase;
			buildActionMask = 2147483647;
			files = (
				6AB95B861C0CFED7007D18D0 /* iOS_PokedexTests.m in Sources */,
			);
			runOnlyForDeploymentPostprocessing = 0;
		};
/* End PBXSourcesBuildPhase section */

/* Begin PBXTargetDependency section */
		6AB95B831C0CFED7007D18D0 /* PBXTargetDependency */ = {
			isa = PBXTargetDependency;
			target = 6AB95B671C0CFED6007D18D0 /* iOS Pokedex */;
			targetProxy = 6AB95B821C0CFED7007D18D0 /* PBXContainerItemProxy */;
		};
/* End PBXTargetDependency section */

/* Begin PBXVariantGroup section */
		6AB95B741C0CFED6007D18D0 /* Main.storyboard */ = {
			isa = PBXVariantGroup;
			children = (
				6AB95B751C0CFED6007D18D0 /* Base */,
			);
			name = Main.storyboard;
			sourceTree = "<group>";
		};
		6AB95B791C0CFED6007D18D0 /* LaunchScreen.storyboard */ = {
			isa = PBXVariantGroup;
			children = (
				6AB95B7A1C0CFED6007D18D0 /* Base */,
			);
			name = LaunchScreen.storyboard;
			sourceTree = "<group>";
		};
/* End PBXVariantGroup section */

/* Begin XCBuildConfiguration section */
		6AB95B881C0CFED7007D18D0 /* Debug */ = {
			isa = XCBuildConfiguration;
			buildSettings = {
				ALWAYS_SEARCH_USER_PATHS = NO;
				CLANG_CXX_LANGUAGE_STANDARD = "gnu++0x";
				CLANG_CXX_LIBRARY = "libc++";
				CLANG_ENABLE_MODULES = YES;
				CLANG_ENABLE_OBJC_ARC = YES;
				CLANG_WARN_BOOL_CONVERSION = YES;
				CLANG_WARN_CONSTANT_CONVERSION = YES;
				CLANG_WARN_DIRECT_OBJC_ISA_USAGE = YES_ERROR;
				CLANG_WARN_EMPTY_BODY = YES;
				CLANG_WARN_ENUM_CONVERSION = YES;
				CLANG_WARN_INT_CONVERSION = YES;
				CLANG_WARN_OBJC_ROOT_CLASS = YES_ERROR;
				CLANG_WARN_UNREACHABLE_CODE = YES;
				CLANG_WARN__DUPLICATE_METHOD_MATCH = YES;
				"CODE_SIGN_IDENTITY[sdk=iphoneos*]" = "iPhone Developer";
				COPY_PHASE_STRIP = NO;
				DEBUG_INFORMATION_FORMAT = dwarf;
				ENABLE_STRICT_OBJC_MSGSEND = YES;
				ENABLE_TESTABILITY = YES;
				GCC_C_LANGUAGE_STANDARD = gnu99;
				GCC_DYNAMIC_NO_PIC = NO;
				GCC_NO_COMMON_BLOCKS = YES;
				GCC_OPTIMIZATION_LEVEL = 0;
				GCC_PREPROCESSOR_DEFINITIONS = (
					"DEBUG=1",
					"$(inherited)",
				);
				GCC_WARN_64_TO_32_BIT_CONVERSION = YES;
				GCC_WARN_ABOUT_RETURN_TYPE = YES_ERROR;
				GCC_WARN_UNDECLARED_SELECTOR = YES;
				GCC_WARN_UNINITIALIZED_AUTOS = YES_AGGRESSIVE;
				GCC_WARN_UNUSED_FUNCTION = YES;
				GCC_WARN_UNUSED_VARIABLE = YES;
				IPHONEOS_DEPLOYMENT_TARGET = 9.1;
				MTL_ENABLE_DEBUG_INFO = YES;
				ONLY_ACTIVE_ARCH = YES;
				SDKROOT = iphoneos;
			};
			name = Debug;
		};
		6AB95B891C0CFED7007D18D0 /* Release */ = {
			isa = XCBuildConfiguration;
			buildSettings = {
				ALWAYS_SEARCH_USER_PATHS = NO;
				CLANG_CXX_LANGUAGE_STANDARD = "gnu++0x";
				CLANG_CXX_LIBRARY = "libc++";
				CLANG_ENABLE_MODULES = YES;
				CLANG_ENABLE_OBJC_ARC = YES;
				CLANG_WARN_BOOL_CONVERSION = YES;
				CLANG_WARN_CONSTANT_CONVERSION = YES;
				CLANG_WARN_DIRECT_OBJC_ISA_USAGE = YES_ERROR;
				CLANG_WARN_EMPTY_BODY = YES;
				CLANG_WARN_ENUM_CONVERSION = YES;
				CLANG_WARN_INT_CONVERSION = YES;
				CLANG_WARN_OBJC_ROOT_CLASS = YES_ERROR;
				CLANG_WARN_UNREACHABLE_CODE = YES;
				CLANG_WARN__DUPLICATE_METHOD_MATCH = YES;
				"CODE_SIGN_IDENTITY[sdk=iphoneos*]" = "iPhone Developer";
				COPY_PHASE_STRIP = NO;
				DEBUG_INFORMATION_FORMAT = "dwarf-with-dsym";
				ENABLE_NS_ASSERTIONS = NO;
				ENABLE_STRICT_OBJC_MSGSEND = YES;
				GCC_C_LANGUAGE_STANDARD = gnu99;
				GCC_NO_COMMON_BLOCKS = YES;
				GCC_WARN_64_TO_32_BIT_CONVERSION = YES;
				GCC_WARN_ABOUT_RETURN_TYPE = YES_ERROR;
				GCC_WARN_UNDECLARED_SELECTOR = YES;
				GCC_WARN_UNINITIALIZED_AUTOS = YES_AGGRESSIVE;
				GCC_WARN_UNUSED_FUNCTION = YES;
				GCC_WARN_UNUSED_VARIABLE = YES;
				IPHONEOS_DEPLOYMENT_TARGET = 9.1;
				MTL_ENABLE_DEBUG_INFO = NO;
				SDKROOT = iphoneos;
				VALIDATE_PRODUCT = YES;
			};
			name = Release;
		};
		6AB95B8B1C0CFED7007D18D0 /* Debug */ = {
			isa = XCBuildConfiguration;
			baseConfigurationReference = CD60518FE8B444D73250ED5A /* Pods-iOS Pokedex.debug.xcconfig */;
			buildSettings = {
				ASSETCATALOG_COMPILER_APPICON_NAME = AppIcon;
				GCC_PREFIX_HEADER = "$(SRCROOT)/IOSPokedex-PrefixHeader.pch";
				INFOPLIST_FILE = "iOS Pokedex/Info.plist";
				LD_RUNPATH_SEARCH_PATHS = "$(inherited) @executable_path/Frameworks";
				PRODUCT_BUNDLE_IDENTIFIER = "Mewtwo.iOS-Pokedex";
				PRODUCT_NAME = "$(TARGET_NAME)";
			};
			name = Debug;
		};
		6AB95B8C1C0CFED7007D18D0 /* Release */ = {
			isa = XCBuildConfiguration;
			baseConfigurationReference = 947204AAEABDDF755C2E10B5 /* Pods-iOS Pokedex.release.xcconfig */;
			buildSettings = {
				ASSETCATALOG_COMPILER_APPICON_NAME = AppIcon;
				GCC_PREFIX_HEADER = "$(SRCROOT)/IOSPokedex-PrefixHeader.pch";
				INFOPLIST_FILE = "iOS Pokedex/Info.plist";
				LD_RUNPATH_SEARCH_PATHS = "$(inherited) @executable_path/Frameworks";
				PRODUCT_BUNDLE_IDENTIFIER = "Mewtwo.iOS-Pokedex";
				PRODUCT_NAME = "$(TARGET_NAME)";
			};
			name = Release;
		};
		6AB95B8E1C0CFED7007D18D0 /* Debug */ = {
			isa = XCBuildConfiguration;
			buildSettings = {
				BUNDLE_LOADER = "$(TEST_HOST)";
				INFOPLIST_FILE = "iOS PokedexTests/Info.plist";
				LD_RUNPATH_SEARCH_PATHS = "$(inherited) @executable_path/Frameworks @loader_path/Frameworks";
				PRODUCT_BUNDLE_IDENTIFIER = "Mewtwo.iOS-PokedexTests";
				PRODUCT_NAME = "$(TARGET_NAME)";
				TEST_HOST = "$(BUILT_PRODUCTS_DIR)/iOS Pokedex.app/iOS Pokedex";
			};
			name = Debug;
		};
		6AB95B8F1C0CFED7007D18D0 /* Release */ = {
			isa = XCBuildConfiguration;
			buildSettings = {
				BUNDLE_LOADER = "$(TEST_HOST)";
				INFOPLIST_FILE = "iOS PokedexTests/Info.plist";
				LD_RUNPATH_SEARCH_PATHS = "$(inherited) @executable_path/Frameworks @loader_path/Frameworks";
				PRODUCT_BUNDLE_IDENTIFIER = "Mewtwo.iOS-PokedexTests";
				PRODUCT_NAME = "$(TARGET_NAME)";
				TEST_HOST = "$(BUILT_PRODUCTS_DIR)/iOS Pokedex.app/iOS Pokedex";
			};
			name = Release;
		};
/* End XCBuildConfiguration section */

/* Begin XCConfigurationList section */
		6AB95B631C0CFED5007D18D0 /* Build configuration list for PBXProject "iOS Pokedex" */ = {
			isa = XCConfigurationList;
			buildConfigurations = (
				6AB95B881C0CFED7007D18D0 /* Debug */,
				6AB95B891C0CFED7007D18D0 /* Release */,
			);
			defaultConfigurationIsVisible = 0;
			defaultConfigurationName = Release;
		};
		6AB95B8A1C0CFED7007D18D0 /* Build configuration list for PBXNativeTarget "iOS Pokedex" */ = {
			isa = XCConfigurationList;
			buildConfigurations = (
				6AB95B8B1C0CFED7007D18D0 /* Debug */,
				6AB95B8C1C0CFED7007D18D0 /* Release */,
			);
			defaultConfigurationIsVisible = 0;
			defaultConfigurationName = Release;
		};
		6AB95B8D1C0CFED7007D18D0 /* Build configuration list for PBXNativeTarget "iOS PokedexTests" */ = {
			isa = XCConfigurationList;
			buildConfigurations = (
				6AB95B8E1C0CFED7007D18D0 /* Debug */,
				6AB95B8F1C0CFED7007D18D0 /* Release */,
			);
			defaultConfigurationIsVisible = 0;
			defaultConfigurationName = Release;
		};
/* End XCConfigurationList section */
	};
	rootObject = 6AB95B601C0CFED5007D18D0 /* Project object */;
}
